
Microsoft Visual Studio Solution File, Format Version 12.00
# Visual Studio Version 17
VisualStudioVersion = 17.0.31903.59
MinimumVisualStudioVersion = 10.0.40219.1
Project("{FAE04EC0-301F-11D3-BF4B-00C04F79EFBC}") = "Stacktim", "Stacktim.csproj", "{008960A9-ECF7-46C1-9E8A-5162A6CD1B0D}"
EndProject
Project("{FAE04EC0-301F-11D3-BF4B-00C04F79EFBC}") = "StacktimApi.Tests", "StacktimApi.Tests\StacktimApi.Tests.csproj", "{00CEC63A-40E1-45C6-ADB4-C5CC78D1CA75}"
EndProject
Global
	GlobalSection(SolutionConfigurationPlatforms) = preSolution
		Debug|Any CPU = Debug|Any CPU
		Debug|x64 = Debug|x64
		Debug|x86 = Debug|x86
		Release|Any CPU = Release|Any CPU
		Release|x64 = Release|x64
		Release|x86 = Release|x86
	EndGlobalSection
	GlobalSection(ProjectConfigurationPlatforms) = postSolution
		{008960A9-ECF7-46C1-9E8A-5162A6CD1B0D}.Debug|Any CPU.ActiveCfg = Debug|Any CPU
		{008960A9-ECF7-46C1-9E8A-5162A6CD1B0D}.Debug|Any CPU.Build.0 = Debug|Any CPU
		{008960A9-ECF7-46C1-9E8A-5162A6CD1B0D}.Debug|x64.ActiveCfg = Debug|Any CPU
		{008960A9-ECF7-46C1-9E8A-5162A6CD1B0D}.Debug|x64.Build.0 = Debug|Any CPU
		{008960A9-ECF7-46C1-9E8A-5162A6CD1B0D}.Debug|x86.ActiveCfg = Debug|Any CPU
		{008960A9-ECF7-46C1-9E8A-5162A6CD1B0D}.Debug|x86.Build.0 = Debug|Any CPU
		{008960A9-ECF7-46C1-9E8A-5162A6CD1B0D}.Release|Any CPU.ActiveCfg = Release|Any CPU
		{008960A9-ECF7-46C1-9E8A-5162A6CD1B0D}.Release|Any CPU.Build.0 = Release|Any CPU
		{008960A9-ECF7-46C1-9E8A-5162A6CD1B0D}.Release|x64.ActiveCfg = Release|Any CPU
		{008960A9-ECF7-46C1-9E8A-5162A6CD1B0D}.Release|x64.Build.0 = Release|Any CPU
		{008960A9-ECF7-46C1-9E8A-5162A6CD1B0D}.Release|x86.ActiveCfg = Release|Any CPU
		{008960A9-ECF7-46C1-9E8A-5162A6CD1B0D}.Release|x86.Build.0 = Release|Any CPU
		{00CEC63A-40E1-45C6-ADB4-C5CC78D1CA75}.Debug|Any CPU.ActiveCfg = Debug|Any CPU
		{00CEC63A-40E1-45C6-ADB4-C5CC78D1CA75}.Debug|Any CPU.Build.0 = Debug|Any CPU
		{00CEC63A-40E1-45C6-ADB4-C5CC78D1CA75}.Debug|x64.ActiveCfg = Debug|Any CPU
		{00CEC63A-40E1-45C6-ADB4-C5CC78D1CA75}.Debug|x64.Build.0 = Debug|Any CPU
		{00CEC63A-40E1-45C6-ADB4-C5CC78D1CA75}.Debug|x86.ActiveCfg = Debug|Any CPU
		{00CEC63A-40E1-45C6-ADB4-C5CC78D1CA75}.Debug|x86.Build.0 = Debug|Any CPU
		{00CEC63A-40E1-45C6-ADB4-C5CC78D1CA75}.Release|Any CPU.ActiveCfg = Release|Any CPU
		{00CEC63A-40E1-45C6-ADB4-C5CC78D1CA75}.Release|Any CPU.Build.0 = Release|Any CPU
		{00CEC63A-40E1-45C6-ADB4-C5CC78D1CA75}.Release|x64.ActiveCfg = Release|Any CPU
		{00CEC63A-40E1-45C6-ADB4-C5CC78D1CA75}.Release|x64.Build.0 = Release|Any CPU
		{00CEC63A-40E1-45C6-ADB4-C5CC78D1CA75}.Release|x86.ActiveCfg = Release|Any CPU
		{00CEC63A-40E1-45C6-ADB4-C5CC78D1CA75}.Release|x86.Build.0 = Release|Any CPU
	EndGlobalSection
	GlobalSection(SolutionProperties) = preSolution
		HideSolutionNode = FALSE
	EndGlobalSection
	GlobalSection(ExtensibilityGlobals) = postSolution
		SolutionGuid = {4B0AC12A-4983-4564-884F-AF25C2866AFC}
	EndGlobalSection
EndGlobal
